
Microsoft Visual Studio Solution File, Format Version 12.00
# Visual Studio 15
VisualStudioVersion = 15.0.26228.4
MinimumVisualStudioVersion = 10.0.40219.1
Project("{FAE04EC0-301F-11D3-BF4B-00C04F79EFBC}") = "UnityEngine.UI.Translation", "UnityEngine.UI.Translation\UnityEngine.UI.Translation.csproj", "{8ACF7E41-A881-47FC-80B8-FA068C2AE3DD}"
EndProject
Global
	GlobalSection(SolutionConfigurationPlatforms) = preSolution
		Debug|Any CPU = Debug|Any CPU
		Release|Any CPU = Release|Any CPU
	EndGlobalSection
	GlobalSection(ProjectConfigurationPlatforms) = postSolution
		{8ACF7E41-A881-47FC-80B8-FA068C2AE3DD}.Debug|Any CPU.ActiveCfg = Debug|Any CPU
		{8ACF7E41-A881-47FC-80B8-FA068C2AE3DD}.Debug|Any CPU.Build.0 = Debug|Any CPU
		{8ACF7E41-A881-47FC-80B8-FA068C2AE3DD}.Release|Any CPU.ActiveCfg = Release|Any CPU
		{8ACF7E41-A881-47FC-80B8-FA068C2AE3DD}.Release|Any CPU.Build.0 = Release|Any CPU
	EndGlobalSection
	GlobalSection(SolutionProperties) = preSolution
		HideSolutionNode = FALSE
	EndGlobalSection
EndGlobal
